
Microsoft Visual Studio Solution File, Format Version 11.00
# Visual Studio 2010
Project("{FAE04EC0-301F-11D3-BF4B-00C04F79EFBC}") = "Assembly-CSharp", "Assembly-CSharp.csproj", "{28b61f65-7c3e-cc5c-b48a-cf2de65c4dce}"
EndProject
Project("{FAE04EC0-301F-11D3-BF4B-00C04F79EFBC}") = "Assembly-CSharp-Editor", "Assembly-CSharp-Editor.csproj", "{b9091379-f8ed-370b-f7db-a37911f6656e}"
EndProject
Global
	GlobalSection(SolutionConfigurationPlatforms) = preSolution
		Debug|Any CPU = Debug|Any CPU
	EndGlobalSection
	GlobalSection(ProjectConfigurationPlatforms) = postSolution
		{28b61f65-7c3e-cc5c-b48a-cf2de65c4dce}.Debug|Any CPU.ActiveCfg = Debug|Any CPU
		{28b61f65-7c3e-cc5c-b48a-cf2de65c4dce}.Debug|Any CPU.Build.0 = Debug|Any CPU
		{b9091379-f8ed-370b-f7db-a37911f6656e}.Debug|Any CPU.ActiveCfg = Debug|Any CPU
		{b9091379-f8ed-370b-f7db-a37911f6656e}.Debug|Any CPU.Build.0 = Debug|Any CPU
	EndGlobalSection
	GlobalSection(SolutionProperties) = preSolution
		HideSolutionNode = FALSE
	EndGlobalSection
EndGlobal
